{
  "name": "core.io-filesync",
  "version": "0.5.1",
  "lockfileVersion": 2,
  "requires": true,
  "packages": {
    "": {
      "version": "0.5.1",
      "license": "MIT",
      "dependencies": {
        "chokidar": "^3.5.3",
        "fs-exists-promised": "^0.2.0",
        "gextend": "^0.8.0",
        "noop-console": "^0.9.0",
        "pluralize": "^8.0.0",
        "s3fs": "^2.5.0"
      }
    },
    "node_modules/anymatch": {
      "version": "3.1.2",
      "resolved": "https://registry.npmjs.org/anymatch/-/anymatch-3.1.2.tgz",
      "integrity": "sha512-P43ePfOAIupkguHUycrc4qJ9kz8ZiuOUijaETwX7THt0Y/GNK7v0aa8rY816xWjZ7rJdA5XdMcpVFTKMq+RvWg==",
      "dependencies": {
        "normalize-path": "^3.0.0",
        "picomatch": "^2.0.4"
      },
      "engines": {
        "node": ">= 8"
      }
    },
    "node_modules/binary-extensions": {
      "version": "2.2.0",
      "resolved": "https://registry.npmjs.org/binary-extensions/-/binary-extensions-2.2.0.tgz",
      "integrity": "sha512-jDctJ/IVQbZoJykoeHbhXpOlNBqGNcwXJKJog42E5HDPUwQTSdjCHdihjj0DlnheQ7blbT6dHOafNAiS8ooQKA==",
      "engines": {
        "node": ">=8"
      }
    },
    "node_modules/braces": {
      "version": "3.0.2",
      "resolved": "https://registry.npmjs.org/braces/-/braces-3.0.2.tgz",
      "integrity": "sha512-b8um+L1RzM3WDSzvhm6gIz1yfTbBt6YTlcEKAvsmqCZZFw46z626lVj9j1yEPW33H5H+lBQpZMP1k8l+78Ha0A==",
      "dependencies": {
        "fill-range": "^7.0.1"
      },
      "engines": {
        "node": ">=8"
      }
    },
    "node_modules/chokidar": {
      "version": "3.5.3",
      "resolved": "https://registry.npmjs.org/chokidar/-/chokidar-3.5.3.tgz",
      "integrity": "sha512-Dr3sfKRP6oTcjf2JmUmFJfeVMvXBdegxB0iVQ5eb2V10uFJUCAS8OByZdVAyVb8xXNz3GjjTgj9kLWsZTqE6kw==",
      "funding": [
        {
          "type": "individual",
          "url": "https://paulmillr.com/funding/"
        }
      ],
      "dependencies": {
        "anymatch": "~3.1.2",
        "braces": "~3.0.2",
        "glob-parent": "~5.1.2",
        "is-binary-path": "~2.1.0",
        "is-glob": "~4.0.1",
        "normalize-path": "~3.0.0",
        "readdirp": "~3.6.0"
      },
      "engines": {
        "node": ">= 8.10.0"
      },
      "optionalDependencies": {
        "fsevents": "~2.3.2"
      }
    },
    "node_modules/fill-range": {
      "version": "7.0.1",
      "resolved": "https://registry.npmjs.org/fill-range/-/fill-range-7.0.1.tgz",
      "integrity": "sha512-qOo9F+dMUmC2Lcb4BbVvnKJxTPjCm+RRpe4gDuGrzkL7mEVl/djYSu2OdQ2Pa302N4oqkSg9ir6jaLWJ2USVpQ==",
      "dependencies": {
        "to-regex-range": "^5.0.1"
      },
      "engines": {
        "node": ">=8"
      }
    },
    "node_modules/fs-exists-promised": {
      "version": "0.2.0",
      "resolved": "https://registry.npmjs.org/fs-exists-promised/-/fs-exists-promised-0.2.0.tgz",
      "integrity": "sha1-7+NbkjZqYjJmiN2fDwO85GAkm+U="
    },
    "node_modules/fsevents": {
      "version": "2.3.2",
      "resolved": "https://registry.npmjs.org/fsevents/-/fsevents-2.3.2.tgz",
      "integrity": "sha512-xiqMQR4xAeHTuB9uWm+fFRcIOgKBMiOBP+eXiyT7jsgVCq1bkVygt00oASowB7EdtpOHaaPgKt812P9ab+DDKA==",
      "hasInstallScript": true,
      "optional": true,
      "os": [
        "darwin"
      ],
      "engines": {
        "node": "^8.16.0 || ^10.6.0 || >=11.0.0"
      }
    },
    "node_modules/gextend": {
      "version": "0.8.0",
      "resolved": "https://registry.npmjs.org/gextend/-/gextend-0.8.0.tgz",
      "integrity": "sha512-ctKkfY81mZqr4Zvvhro9r/BRFMaR+V4ObXPrYrY1jnBkeTNZKaHSXqGWtGb651BO0hqZ/9hE9w4WxrrB7HTRVw==",
      "engines": {
        "node": ">= 0.10.0"
      }
    },
    "node_modules/glob-parent": {
      "version": "5.1.2",
      "resolved": "https://registry.npmjs.org/glob-parent/-/glob-parent-5.1.2.tgz",
      "integrity": "sha512-AOIgSQCepiJYwP3ARnGx+5VnTu2HBYdzbGP45eLw1vr3zB3vZLeyed1sC9hnbcOc9/SrMyM5RPQrkGz4aS9Zow==",
      "dependencies": {
        "is-glob": "^4.0.1"
      },
      "engines": {
        "node": ">= 6"
      }
    },
    "node_modules/is-binary-path": {
      "version": "2.1.0",
      "resolved": "https://registry.npmjs.org/is-binary-path/-/is-binary-path-2.1.0.tgz",
      "integrity": "sha512-ZMERYes6pDydyuGidse7OsHxtbI7WVeUEozgR/g7rd0xUimYNlvZRE/K2MgZTjWy725IfelLeVcEM97mmtRGXw==",
      "dependencies": {
        "binary-extensions": "^2.0.0"
      },
      "engines": {
        "node": ">=8"
      }
    },
    "node_modules/is-extglob": {
      "version": "2.1.1",
      "resolved": "https://registry.npmjs.org/is-extglob/-/is-extglob-2.1.1.tgz",
      "integrity": "sha1-qIwCU1eR8C7TfHahueqXc8gz+MI=",
      "engines": {
        "node": ">=0.10.0"
      }
    },
    "node_modules/is-glob": {
      "version": "4.0.3",
      "resolved": "https://registry.npmjs.org/is-glob/-/is-glob-4.0.3.tgz",
      "integrity": "sha512-xelSayHH36ZgE7ZWhli7pW34hNbNl8Ojv5KVmkJD4hBdD3th8Tfk9vYasLM+mXWOZhFkgZfxhLSnrwRr4elSSg==",
      "dependencies": {
        "is-extglob": "^2.1.1"
      },
      "engines": {
        "node": ">=0.10.0"
      }
    },
    "node_modules/is-number": {
      "version": "7.0.0",
      "resolved": "https://registry.npmjs.org/is-number/-/is-number-7.0.0.tgz",
      "integrity": "sha512-41Cifkg6e8TylSpdtTpeLVMqvSBEVzTttHvERD741+pnZ8ANv0004MRL43QKPDlK9cGvNp6NZWZUBlbGXYxxng==",
      "engines": {
        "node": ">=0.12.0"
      }
    },
    "node_modules/noop-console": {
      "version": "0.9.0",
      "resolved": "https://registry.npmjs.org/noop-console/-/noop-console-0.9.0.tgz",
      "integrity": "sha512-sQLIucT1bw82mrMAHg+k1PsUyZBOtRNqAHyLVV329rrankMbXBzzItTOfIOfWK2ymrH9giB/ZMy+QAgiBF7tog==",
      "engines": {
        "node": ">= 0.10.0"
      }
    },
    "node_modules/normalize-path": {
      "version": "3.0.0",
      "resolved": "https://registry.npmjs.org/normalize-path/-/normalize-path-3.0.0.tgz",
      "integrity": "sha512-6eZs5Ls3WtCisHWp9S2GUy8dqkpGi4BVSz3GaqiE6ezub0512ESztXUwUB6C6IKbQkY2Pnb/mD4WYojCRwcwLA==",
      "engines": {
        "node": ">=0.10.0"
      }
    },
    "node_modules/picomatch": {
      "version": "2.3.1",
      "resolved": "https://registry.npmjs.org/picomatch/-/picomatch-2.3.1.tgz",
      "integrity": "sha512-JU3teHTNjmE2VCGFzuY8EXzCDVwEqB2a8fsIvwaStHhAWJEeVd1o1QD80CU6+ZdEXXSLbSsuLwJjkCBWqRQUVA==",
      "engines": {
        "node": ">=8.6"
      },
      "funding": {
        "url": "https://github.com/sponsors/jonschlinkert"
      }
    },
    "node_modules/pluralize": {
      "version": "8.0.0",
      "resolved": "https://registry.npmjs.org/pluralize/-/pluralize-8.0.0.tgz",
      "integrity": "sha512-Nc3IT5yHzflTfbjgqWcCPpo7DaKy4FnpB0l/zCAW0Tc7jxAiuqSxHasntB3D7887LSrA93kDJ9IXovxJYxyLCA==",
      "engines": {
        "node": ">=4"
      }
    },
    "node_modules/readdirp": {
      "version": "3.6.0",
      "resolved": "https://registry.npmjs.org/readdirp/-/readdirp-3.6.0.tgz",
      "integrity": "sha512-hOS089on8RduqdbhvQ5Z37A0ESjsqz6qnRcffsMU3495FuTdqSm+7bhJ29JvIOsBDEEnan5DPu9t3To9VRlMzA==",
      "dependencies": {
        "picomatch": "^2.2.1"
      },
      "engines": {
        "node": ">=8.10.0"
      }
    },
    "node_modules/s3fs": {
      "version": "2.5.0",
      "resolved": "https://registry.npmjs.org/s3fs/-/s3fs-2.5.0.tgz",
      "integrity": "sha1-kpLl/jGVi+U5RlFUBjTCdoIjSH4=",
      "dependencies": {
        "aws-sdk": "~2.5.2",
        "bluebird": "~3.4.1",
        "extend": "~3.x"
      }
    },
    "node_modules/s3fs/node_modules/aws-sdk": {
      "version": "2.5.2",
      "resolved": "https://registry.npmjs.org/aws-sdk/-/aws-sdk-2.5.2.tgz",
      "integrity": "sha1-iZF5vCP52Iw5Nc8Ic+Lcf/wm+W4=",
      "dependencies": {
        "jmespath": "0.15.0",
        "sax": "1.1.5",
        "xml2js": "0.4.15",
        "xmlbuilder": "2.6.2"
      },
      "engines": {
        "node": ">= 0.8.0"
      }
    },
    "node_modules/s3fs/node_modules/bluebird": {
      "version": "3.4.1",
      "resolved": "https://registry.npmjs.org/bluebird/-/bluebird-3.4.1.tgz",
      "integrity": "sha1-tzHd9I4t077awudeEhWhG8uR+gc="
    },
    "node_modules/s3fs/node_modules/extend": {
      "version": "3.0.0",
      "resolved": "https://registry.npmjs.org/extend/-/extend-3.0.0.tgz",
      "integrity": "sha1-WkdDU7nzNT3dgXbf03uRyDpG8dQ="
    },
    "node_modules/s3fs/node_modules/jmespath": {
      "version": "0.15.0",
      "resolved": "https://registry.npmjs.org/jmespath/-/jmespath-0.15.0.tgz",
      "integrity": "sha1-o/Iiqarp+Wb10nx5ZRDigJF2Qhc=",
      "engines": {
        "node": ">= 0.6.0"
      }
    },
    "node_modules/s3fs/node_modules/lodash": {
      "version": "3.5.0",
      "resolved": "https://registry.npmjs.org/lodash/-/lodash-3.5.0.tgz",
      "integrity": "sha1-Gbs/TVEnjwuMgY7RRcdOz5/kDm0="
    },
    "node_modules/s3fs/node_modules/sax": {
      "version": "1.1.5",
      "resolved": "https://registry.npmjs.org/sax/-/sax-1.1.5.tgz",
      "integrity": "sha1-HaUKjQDN7NWUBWWfX/hTSf53N0M="
    },
    "node_modules/s3fs/node_modules/xml2js": {
      "version": "0.4.15",
      "resolved": "https://registry.npmjs.org/xml2js/-/xml2js-0.4.15.tgz",
      "integrity": "sha1-lc0D/y3RROwovGJzvysokMWBrQw=",
      "dependencies": {
        "sax": ">=0.6.0",
        "xmlbuilder": ">=2.4.6"
      }
    },
    "node_modules/s3fs/node_modules/xmlbuilder": {
      "version": "2.6.2",
      "resolved": "https://registry.npmjs.org/xmlbuilder/-/xmlbuilder-2.6.2.tgz",
      "integrity": "sha1-+Rb20Q1F3BcbG+Lm5nP7bgzDXQo=",
      "dependencies": {
        "lodash": "~3.5.0"
      },
      "engines": {
        "node": ">=0.8.0"
      }
    },
    "node_modules/to-regex-range": {
      "version": "5.0.1",
      "resolved": "https://registry.npmjs.org/to-regex-range/-/to-regex-range-5.0.1.tgz",
      "integrity": "sha512-65P7iz6X5yEr1cwcgvQxbbIw7Uk3gOy5dIdtZ4rDveLqhrdJP+Li/Hx6tyK0NEb+2GCyneCMJiGqrADCSNk8sQ==",
      "dependencies": {
        "is-number": "^7.0.0"
      },
      "engines": {
        "node": ">=8.0"
      }
    }
  },
  "dependencies": {
    "anymatch": {
      "version": "3.1.2",
      "resolved": "https://registry.npmjs.org/anymatch/-/anymatch-3.1.2.tgz",
      "integrity": "sha512-P43ePfOAIupkguHUycrc4qJ9kz8ZiuOUijaETwX7THt0Y/GNK7v0aa8rY816xWjZ7rJdA5XdMcpVFTKMq+RvWg==",
      "requires": {
        "normalize-path": "^3.0.0",
        "picomatch": "^2.0.4"
      }
    },
    "binary-extensions": {
      "version": "2.2.0",
      "resolved": "https://registry.npmjs.org/binary-extensions/-/binary-extensions-2.2.0.tgz",
      "integrity": "sha512-jDctJ/IVQbZoJykoeHbhXpOlNBqGNcwXJKJog42E5HDPUwQTSdjCHdihjj0DlnheQ7blbT6dHOafNAiS8ooQKA=="
    },
    "braces": {
      "version": "3.0.2",
      "resolved": "https://registry.npmjs.org/braces/-/braces-3.0.2.tgz",
      "integrity": "sha512-b8um+L1RzM3WDSzvhm6gIz1yfTbBt6YTlcEKAvsmqCZZFw46z626lVj9j1yEPW33H5H+lBQpZMP1k8l+78Ha0A==",
      "requires": {
        "fill-range": "^7.0.1"
      }
    },
    "chokidar": {
      "version": "3.5.3",
      "resolved": "https://registry.npmjs.org/chokidar/-/chokidar-3.5.3.tgz",
      "integrity": "sha512-Dr3sfKRP6oTcjf2JmUmFJfeVMvXBdegxB0iVQ5eb2V10uFJUCAS8OByZdVAyVb8xXNz3GjjTgj9kLWsZTqE6kw==",
      "requires": {
        "anymatch": "~3.1.2",
        "braces": "~3.0.2",
        "fsevents": "~2.3.2",
        "glob-parent": "~5.1.2",
        "is-binary-path": "~2.1.0",
        "is-glob": "~4.0.1",
        "normalize-path": "~3.0.0",
        "readdirp": "~3.6.0"
      }
    },
    "fill-range": {
      "version": "7.0.1",
      "resolved": "https://registry.npmjs.org/fill-range/-/fill-range-7.0.1.tgz",
      "integrity": "sha512-qOo9F+dMUmC2Lcb4BbVvnKJxTPjCm+RRpe4gDuGrzkL7mEVl/djYSu2OdQ2Pa302N4oqkSg9ir6jaLWJ2USVpQ==",
      "requires": {
        "to-regex-range": "^5.0.1"
      }
    },
    "fs-exists-promised": {
      "version": "0.2.0",
      "resolved": "https://registry.npmjs.org/fs-exists-promised/-/fs-exists-promised-0.2.0.tgz",
      "integrity": "sha1-7+NbkjZqYjJmiN2fDwO85GAkm+U="
    },
    "fsevents": {
      "version": "2.3.2",
      "resolved": "https://registry.npmjs.org/fsevents/-/fsevents-2.3.2.tgz",
      "integrity": "sha512-xiqMQR4xAeHTuB9uWm+fFRcIOgKBMiOBP+eXiyT7jsgVCq1bkVygt00oASowB7EdtpOHaaPgKt812P9ab+DDKA==",
      "optional": true
    },
    "gextend": {
      "version": "0.8.0",
      "resolved": "https://registry.npmjs.org/gextend/-/gextend-0.8.0.tgz",
      "integrity": "sha512-ctKkfY81mZqr4Zvvhro9r/BRFMaR+V4ObXPrYrY1jnBkeTNZKaHSXqGWtGb651BO0hqZ/9hE9w4WxrrB7HTRVw=="
    },
    "glob-parent": {
      "version": "5.1.2",
      "resolved": "https://registry.npmjs.org/glob-parent/-/glob-parent-5.1.2.tgz",
      "integrity": "sha512-AOIgSQCepiJYwP3ARnGx+5VnTu2HBYdzbGP45eLw1vr3zB3vZLeyed1sC9hnbcOc9/SrMyM5RPQrkGz4aS9Zow==",
      "requires": {
        "is-glob": "^4.0.1"
      }
    },
    "is-binary-path": {
      "version": "2.1.0",
      "resolved": "https://registry.npmjs.org/is-binary-path/-/is-binary-path-2.1.0.tgz",
      "integrity": "sha512-ZMERYes6pDydyuGidse7OsHxtbI7WVeUEozgR/g7rd0xUimYNlvZRE/K2MgZTjWy725IfelLeVcEM97mmtRGXw==",
      "requires": {
        "binary-extensions": "^2.0.0"
      }
    },
    "is-extglob": {
      "version": "2.1.1",
      "resolved": "https://registry.npmjs.org/is-extglob/-/is-extglob-2.1.1.tgz",
      "integrity": "sha1-qIwCU1eR8C7TfHahueqXc8gz+MI="
    },
    "is-glob": {
      "version": "4.0.3",
      "resolved": "https://registry.npmjs.org/is-glob/-/is-glob-4.0.3.tgz",
      "integrity": "sha512-xelSayHH36ZgE7ZWhli7pW34hNbNl8Ojv5KVmkJD4hBdD3th8Tfk9vYasLM+mXWOZhFkgZfxhLSnrwRr4elSSg==",
      "requires": {
        "is-extglob": "^2.1.1"
      }
    },
    "is-number": {
      "version": "7.0.0",
      "resolved": "https://registry.npmjs.org/is-number/-/is-number-7.0.0.tgz",
      "integrity": "sha512-41Cifkg6e8TylSpdtTpeLVMqvSBEVzTttHvERD741+pnZ8ANv0004MRL43QKPDlK9cGvNp6NZWZUBlbGXYxxng=="
    },
    "noop-console": {
      "version": "0.9.0",
      "resolved": "https://registry.npmjs.org/noop-console/-/noop-console-0.9.0.tgz",
      "integrity": "sha512-sQLIucT1bw82mrMAHg+k1PsUyZBOtRNqAHyLVV329rrankMbXBzzItTOfIOfWK2ymrH9giB/ZMy+QAgiBF7tog=="
    },
    "normalize-path": {
      "version": "3.0.0",
      "resolved": "https://registry.npmjs.org/normalize-path/-/normalize-path-3.0.0.tgz",
      "integrity": "sha512-6eZs5Ls3WtCisHWp9S2GUy8dqkpGi4BVSz3GaqiE6ezub0512ESztXUwUB6C6IKbQkY2Pnb/mD4WYojCRwcwLA=="
    },
    "picomatch": {
      "version": "2.3.1",
      "resolved": "https://registry.npmjs.org/picomatch/-/picomatch-2.3.1.tgz",
      "integrity": "sha512-JU3teHTNjmE2VCGFzuY8EXzCDVwEqB2a8fsIvwaStHhAWJEeVd1o1QD80CU6+ZdEXXSLbSsuLwJjkCBWqRQUVA=="
    },
    "pluralize": {
      "version": "8.0.0",
      "resolved": "https://registry.npmjs.org/pluralize/-/pluralize-8.0.0.tgz",
      "integrity": "sha512-Nc3IT5yHzflTfbjgqWcCPpo7DaKy4FnpB0l/zCAW0Tc7jxAiuqSxHasntB3D7887LSrA93kDJ9IXovxJYxyLCA=="
    },
    "readdirp": {
      "version": "3.6.0",
      "resolved": "https://registry.npmjs.org/readdirp/-/readdirp-3.6.0.tgz",
      "integrity": "sha512-hOS089on8RduqdbhvQ5Z37A0ESjsqz6qnRcffsMU3495FuTdqSm+7bhJ29JvIOsBDEEnan5DPu9t3To9VRlMzA==",
      "requires": {
        "picomatch": "^2.2.1"
      }
    },
    "s3fs": {
      "version": "2.5.0",
      "resolved": "https://registry.npmjs.org/s3fs/-/s3fs-2.5.0.tgz",
      "integrity": "sha1-kpLl/jGVi+U5RlFUBjTCdoIjSH4=",
      "requires": {
        "aws-sdk": "~2.5.2",
        "bluebird": "~3.4.1",
        "extend": "~3.x"
      },
      "dependencies": {
        "aws-sdk": {
          "version": "2.5.2",
          "resolved": "https://registry.npmjs.org/aws-sdk/-/aws-sdk-2.5.2.tgz",
          "integrity": "sha1-iZF5vCP52Iw5Nc8Ic+Lcf/wm+W4=",
          "requires": {
            "jmespath": "0.15.0",
            "sax": "1.1.5",
            "xml2js": "0.4.15",
            "xmlbuilder": "2.6.2"
          }
        },
        "bluebird": {
          "version": "3.4.1",
          "resolved": "https://registry.npmjs.org/bluebird/-/bluebird-3.4.1.tgz",
          "integrity": "sha1-tzHd9I4t077awudeEhWhG8uR+gc="
        },
        "extend": {
          "version": "3.0.0",
          "resolved": "https://registry.npmjs.org/extend/-/extend-3.0.0.tgz",
          "integrity": "sha1-WkdDU7nzNT3dgXbf03uRyDpG8dQ="
        },
        "jmespath": {
          "version": "0.15.0",
          "resolved": "https://registry.npmjs.org/jmespath/-/jmespath-0.15.0.tgz",
          "integrity": "sha1-o/Iiqarp+Wb10nx5ZRDigJF2Qhc="
        },
        "lodash": {
          "version": "3.5.0",
          "resolved": "https://registry.npmjs.org/lodash/-/lodash-3.5.0.tgz",
          "integrity": "sha1-Gbs/TVEnjwuMgY7RRcdOz5/kDm0="
        },
        "sax": {
          "version": "1.1.5",
          "resolved": "https://registry.npmjs.org/sax/-/sax-1.1.5.tgz",
          "integrity": "sha1-HaUKjQDN7NWUBWWfX/hTSf53N0M="
        },
        "xml2js": {
          "version": "0.4.15",
          "resolved": "https://registry.npmjs.org/xml2js/-/xml2js-0.4.15.tgz",
          "integrity": "sha1-lc0D/y3RROwovGJzvysokMWBrQw=",
          "requires": {
            "sax": ">=0.6.0",
            "xmlbuilder": ">=2.4.6"
          }
        },
        "xmlbuilder": {
          "version": "2.6.2",
          "resolved": "https://registry.npmjs.org/xmlbuilder/-/xmlbuilder-2.6.2.tgz",
          "integrity": "sha1-+Rb20Q1F3BcbG+Lm5nP7bgzDXQo=",
          "requires": {
            "lodash": "~3.5.0"
          }
        }
      }
    },
    "to-regex-range": {
      "version": "5.0.1",
      "resolved": "https://registry.npmjs.org/to-regex-range/-/to-regex-range-5.0.1.tgz",
      "integrity": "sha512-65P7iz6X5yEr1cwcgvQxbbIw7Uk3gOy5dIdtZ4rDveLqhrdJP+Li/Hx6tyK0NEb+2GCyneCMJiGqrADCSNk8sQ==",
      "requires": {
        "is-number": "^7.0.0"
      }
    }
  }
}
